
Microsoft Visual Studio Solution File, Format Version 12.00
# Visual Studio Version 17
VisualStudioVersion = 17.10.35013.160
MinimumVisualStudioVersion = 10.0.40219.1
Project("{9A19103F-16F7-4668-BE54-9A1E7A4F7556}") = "MusicStoreWebApp", "MusicStoreWebApp\MusicStoreWebApp.csproj", "{B8CDBF0E-589E-460E-AF01-6915C65C648C}"
EndProject
Project("{9A19103F-16F7-4668-BE54-9A1E7A4F7556}") = "MusicStoreAPI", "MusicStoreAPI\MusicStoreAPI.csproj", "{625A2183-5395-4902-9038-CBE0AEC71B6B}"
EndProject
Project("{FAE04EC0-301F-11D3-BF4B-00C04F79EFBC}") = "LibTest", "LibTest\LibTest.csproj", "{B614E450-2347-4062-9913-5729F62CA181}"
EndProject
Global
	GlobalSection(SolutionConfigurationPlatforms) = preSolution
		Debug|Any CPU = Debug|Any CPU
		Release|Any CPU = Release|Any CPU
	EndGlobalSection
	GlobalSection(ProjectConfigurationPlatforms) = postSolution
		{B8CDBF0E-589E-460E-AF01-6915C65C648C}.Debug|Any CPU.ActiveCfg = Debug|Any CPU
		{B8CDBF0E-589E-460E-AF01-6915C65C648C}.Debug|Any CPU.Build.0 = Debug|Any CPU
		{B8CDBF0E-589E-460E-AF01-6915C65C648C}.Release|Any CPU.ActiveCfg = Release|Any CPU
		{B8CDBF0E-589E-460E-AF01-6915C65C648C}.Release|Any CPU.Build.0 = Release|Any CPU
		{625A2183-5395-4902-9038-CBE0AEC71B6B}.Debug|Any CPU.ActiveCfg = Debug|Any CPU
		{625A2183-5395-4902-9038-CBE0AEC71B6B}.Debug|Any CPU.Build.0 = Debug|Any CPU
		{625A2183-5395-4902-9038-CBE0AEC71B6B}.Release|Any CPU.ActiveCfg = Release|Any CPU
		{625A2183-5395-4902-9038-CBE0AEC71B6B}.Release|Any CPU.Build.0 = Release|Any CPU
		{B614E450-2347-4062-9913-5729F62CA181}.Debug|Any CPU.ActiveCfg = Debug|Any CPU
		{B614E450-2347-4062-9913-5729F62CA181}.Debug|Any CPU.Build.0 = Debug|Any CPU
		{B614E450-2347-4062-9913-5729F62CA181}.Release|Any CPU.ActiveCfg = Release|Any CPU
		{B614E450-2347-4062-9913-5729F62CA181}.Release|Any CPU.Build.0 = Release|Any CPU
	EndGlobalSection
	GlobalSection(SolutionProperties) = preSolution
		HideSolutionNode = FALSE
	EndGlobalSection
	GlobalSection(ExtensibilityGlobals) = postSolution
		SolutionGuid = {94D580E3-0D1B-4AD1-93AF-78D9AE0F6EF8}
	EndGlobalSection
EndGlobal
